{
  "name": "layzee-image-loader",
  "version": "1.0.0",
  "lockfileVersion": 1,
  "requires": true,
  "dependencies": {
    "eligrey-classlist-js-polyfill": {
      "version": "1.2.20180112",
      "resolved": "https://registry.npmjs.org/eligrey-classlist-js-polyfill/-/eligrey-classlist-js-polyfill-1.2.20180112.tgz",
      "integrity": "sha1-QW6kPmM8UYnSmiIBMAkgfNhnoSg="
    }
  }
}
